{
    "_readme": [
        "This file locks the dependencies of your project to a known state",
        "Read more about it at https://getcomposer.org/doc/01-basic-usage.md#installing-dependencies",
        "This file is @generated automatically"
    ],
    "content-hash": "91c4c5dc95c9ae2ac3fecf92d0e097c2",
    "packages": [
        {
            "name": "elao/enum",
            "version": "v1.17.1",
            "source": {
                "type": "git",
                "url": "https://github.com/Elao/PhpEnums.git",
                "reference": "7d08ee23f97699abcee8c136ea1c4f3a8f8c12a6"
            },
            "dist": {
                "type": "zip",
                "url": "https://api.github.com/repos/Elao/PhpEnums/zipball/7d08ee23f97699abcee8c136ea1c4f3a8f8c12a6",
                "reference": "7d08ee23f97699abcee8c136ea1c4f3a8f8c12a6",
                "shasum": ""
            },
            "require": {
                "ext-json": "*",
                "php": ">=7.3",
                "symfony/polyfill-php80": "^1.15"
            },
            "require-dev": {
                "api-platform/core": "^2.5.1",
                "doctrine/annotations": "^1.9",
                "doctrine/data-fixtures": "^1.2",
                "doctrine/doctrine-bundle": "^1.12|^2.0",
                "doctrine/orm": "^2.4",
                "ext-pdo_sqlite": "*",
                "nelmio/alice": "^3.0",
                "symfony/browser-kit": "^4.4|^5.1|^6.0",
                "symfony/console": "^4.4|^5.1|^6.0",
                "symfony/css-selector": "^4.4|^5.1|^6.0",
                "symfony/finder": "^4.4|^5.1|^6.0",
                "symfony/form": "^4.4|^5.1|^6.0",
                "symfony/framework-bundle": "^4.4|^5.1|^6.0",
                "symfony/phpunit-bridge": "^5.3|^6.0",
                "symfony/serializer": "^4.4|^5.1|^6.0",
                "symfony/translation": "^4.4|^5.1|^6.0",
                "symfony/twig-bundle": "^4.4|^5.1|^6.0",
                "symfony/validator": "^4.4|^5.1|^6.0",
                "symfony/yaml": "^4.4|^5.1|^6.0",
                "twig/twig": "^2.12|^3.0"
            },
            "bin": [
                "bin/elao-enum-dump-js"
            ],
            "type": "library",
            "extra": {
                "branch-alias": {
                    "dev-master": "1.x-dev",
                    "dev-1.x": "1.x-dev"
                }
            },
            "autoload": {
                "files": [
                    "src/Bridge/Symfony/VarDumper/Resources/register_caster.php"
                ],
                "psr-4": {
                    "Elao\\Enum\\": "src/"
                }
            },
            "notification-url": "https://packagist.org/downloads/",
            "license": [
                "MIT"
            ],
            "authors": [
                {
                    "name": "Elao",
                    "homepage": "https://www.elao.com"
                },
                {
                    "name": "Maxime Steinhausser",
                    "email": "maxime.steinhausser@gmail.com",
                    "homepage": "https://github.com/ogizanagi"
                }
            ],
            "description": "Enumerations for PHP and frameworks integrations",
            "homepage": "https://github.com/Elao/PhpEnums",
            "keywords": [
                "doctrine",
                "enum",
                "symfony"
            ],
            "support": {
                "issues": "https://github.com/Elao/PhpEnums/issues",
                "source": "https://github.com/Elao/PhpEnums/tree/v1.17.1"
            },
            "funding": [
                {
                    "url": "https://github.com/ogizanagi",
                    "type": "github"
                }
            ],
            "time": "2022-01-19T18:32:17+00:00"
        },
        {
            "name": "symfony/polyfill-php80",
            "version": "v1.26.0",
            "source": {
                "type": "git",
                "url": "https://github.com/symfony/polyfill-php80.git",
                "reference": "cfa0ae98841b9e461207c13ab093d76b0fa7bace"
            },
            "dist": {
                "type": "zip",
                "url": "https://api.github.com/repos/symfony/polyfill-php80/zipball/cfa0ae98841b9e461207c13ab093d76b0fa7bace",
                "reference": "cfa0ae98841b9e461207c13ab093d76b0fa7bace",
                "shasum": ""
            },
            "require": {
                "php": ">=7.1"
            },
            "type": "library",
            "extra": {
                "branch-alias": {
                    "dev-main": "1.26-dev"
                },
                "thanks": {
                    "name": "symfony/polyfill",
                    "url": "https://github.com/symfony/polyfill"
                }
            },
            "autoload": {
                "files": [
                    "bootstrap.php"
                ],
                "psr-4": {
                    "Symfony\\Polyfill\\Php80\\": ""
                },
                "classmap": [
                    "Resources/stubs"
                ]
            },
            "notification-url": "https://packagist.org/downloads/",
            "license": [
                "MIT"
            ],
            "authors": [
                {
                    "name": "Ion Bazan",
                    "email": "ion.bazan@gmail.com"
                },
                {
                    "name": "Nicolas Grekas",
                    "email": "p@tchwork.com"
                },
                {
                    "name": "Symfony Community",
                    "homepage": "https://symfony.com/contributors"
                }
            ],
            "description": "Symfony polyfill backporting some PHP 8.0+ features to lower PHP versions",
            "homepage": "https://symfony.com",
            "keywords": [
                "compatibility",
                "polyfill",
                "portable",
                "shim"
            ],
            "support": {
                "source": "https://github.com/symfony/polyfill-php80/tree/v1.26.0"
            },
            "funding": [
                {
                    "url": "https://symfony.com/sponsor",
                    "type": "custom"
                },
                {
                    "url": "https://github.com/fabpot",
                    "type": "github"
                },
                {
                    "url": "https://tidelift.com/funding/github/packagist/symfony/symfony",
                    "type": "tidelift"
                }
            ],
            "time": "2022-05-10T07:21:04+00:00"
        }
    ],
    "packages-dev": [],
    "aliases": [],
    "minimum-stability": "stable",
    "stability-flags": [],
    "prefer-stable": false,
    "prefer-lowest": false,
    "platform": {
        "ext-json": "*"
    },
    "platform-dev": [],
    "plugin-api-version": "2.1.0"
}
