{
    "_readme": [
        "This file locks the dependencies of your project to a known state",
        "Read more about it at https://getcomposer.org/doc/01-basic-usage.md#installing-dependencies",
        "This file is @generated automatically"
    ],
    "content-hash": "91c4c5dc95c9ae2ac3fecf92d0e097c2",
    "packages": [
        {
            "name": "elao/enum",
            "version": "v1.14.1",
            "source": {
                "type": "git",
                "url": "https://github.com/Elao/PhpEnums.git",
                "reference": "0fbdccfe49ee47edecdfa91980e4e46b8584b8ff"
            },
            "dist": {
                "type": "zip",
                "url": "https://api.github.com/repos/Elao/PhpEnums/zipball/0fbdccfe49ee47edecdfa91980e4e46b8584b8ff",
                "reference": "0fbdccfe49ee47edecdfa91980e4e46b8584b8ff",
                "shasum": ""
            },
            "require": {
                "php": ">=7.3"
            },
            "require-dev": {
                "api-platform/core": "^2.5.1",
                "doctrine/data-fixtures": "^1.2",
                "doctrine/doctrine-bundle": "^1.12|^2.0",
                "doctrine/orm": "^2.4",
                "ext-pdo_sqlite": "*",
                "friendsofphp/php-cs-fixer": "^3.0",
                "nelmio/alice": "^3.0",
                "symfony/browser-kit": "^4.4|^5.1",
                "symfony/console": "^4.4|^5.1",
                "symfony/css-selector": "^4.4|^5.1",
                "symfony/form": "^4.4|^5.1",
                "symfony/framework-bundle": "^4.4|^5.1",
                "symfony/phpunit-bridge": "^5.3",
                "symfony/serializer": "^4.4|^5.1",
                "symfony/translation": "^4.4|^5.1",
                "symfony/twig-bundle": "^4.4|^5.1",
                "symfony/validator": "^4.4|^5.1",
                "symfony/yaml": "^4.4|^5.1",
                "twig/twig": "^2.12|^3.0"
            },
            "bin": [
                "bin/elao-enum-dump-js"
            ],
            "type": "library",
            "extra": {
                "branch-alias": {
                    "dev-master": "1.x-dev"
                }
            },
            "autoload": {
                "psr-4": {
                    "Elao\\Enum\\": "src/"
                },
                "files": [
                    "src/Bridge/Symfony/VarDumper/Resources/register_caster.php"
                ]
            },
            "notification-url": "https://packagist.org/downloads/",
            "license": [
                "MIT"
            ],
            "authors": [
                {
                    "name": "Elao",
                    "homepage": "https://www.elao.com"
                },
                {
                    "name": "Maxime Steinhausser",
                    "email": "maxime.steinhausser@gmail.com",
                    "homepage": "https://github.com/ogizanagi"
                }
            ],
            "description": "Enumerations for PHP and frameworks integrations",
            "homepage": "https://github.com/Elao/PhpEnums",
            "keywords": [
                "doctrine",
                "enum",
                "symfony"
            ],
            "support": {
                "issues": "https://github.com/Elao/PhpEnums/issues",
                "source": "https://github.com/Elao/PhpEnums/tree/v1.14.1"
            },
            "funding": [
                {
                    "url": "https://github.com/ogizanagi",
                    "type": "github"
                }
            ],
            "time": "2021-05-31T14:27:25+00:00"
        }
    ],
    "packages-dev": [],
    "aliases": [],
    "minimum-stability": "stable",
    "stability-flags": [],
    "prefer-stable": false,
    "prefer-lowest": false,
    "platform": {
        "ext-json": "*"
    },
    "platform-dev": [],
    "plugin-api-version": "2.1.0"
}
